
Microsoft Visual Studio Solution File, Format Version 12.00
# Visual Studio 15
VisualStudioVersion = 15.0.27703.2000
MinimumVisualStudioVersion = 10.0.40219.1
Project("{FAE04EC0-301F-11D3-BF4B-00C04F79EFBC}") = "mainMenu", "mainMenu\mainMenu.csproj", "{2ABEA163-539B-4D57-9107-BEC8D91C47CB}"
EndProject
Project("{FAE04EC0-301F-11D3-BF4B-00C04F79EFBC}") = "question1", "question1\question1.csproj", "{DBB47E89-18C1-4B24-90E4-76E933B0F90A}"
EndProject
Project("{FAE04EC0-301F-11D3-BF4B-00C04F79EFBC}") = "question3", "question3\question3.csproj", "{A4C89378-1CDE-4BCC-A824-107D00A33F8B}"
EndProject
Project("{FAE04EC0-301F-11D3-BF4B-00C04F79EFBC}") = "question4", "question4\question4.csproj", "{FBC64083-C9A2-4CF7-A938-FDAAD4241DB6}"
EndProject
Global
	GlobalSection(SolutionConfigurationPlatforms) = preSolution
		Debug|Any CPU = Debug|Any CPU
		Release|Any CPU = Release|Any CPU
	EndGlobalSection
	GlobalSection(ProjectConfigurationPlatforms) = postSolution
		{2ABEA163-539B-4D57-9107-BEC8D91C47CB}.Debug|Any CPU.ActiveCfg = Debug|Any CPU
		{2ABEA163-539B-4D57-9107-BEC8D91C47CB}.Debug|Any CPU.Build.0 = Debug|Any CPU
		{2ABEA163-539B-4D57-9107-BEC8D91C47CB}.Release|Any CPU.ActiveCfg = Release|Any CPU
		{2ABEA163-539B-4D57-9107-BEC8D91C47CB}.Release|Any CPU.Build.0 = Release|Any CPU
		{DBB47E89-18C1-4B24-90E4-76E933B0F90A}.Debug|Any CPU.ActiveCfg = Debug|Any CPU
		{DBB47E89-18C1-4B24-90E4-76E933B0F90A}.Debug|Any CPU.Build.0 = Debug|Any CPU
		{DBB47E89-18C1-4B24-90E4-76E933B0F90A}.Release|Any CPU.ActiveCfg = Release|Any CPU
		{DBB47E89-18C1-4B24-90E4-76E933B0F90A}.Release|Any CPU.Build.0 = Release|Any CPU
		{A4C89378-1CDE-4BCC-A824-107D00A33F8B}.Debug|Any CPU.ActiveCfg = Debug|Any CPU
		{A4C89378-1CDE-4BCC-A824-107D00A33F8B}.Debug|Any CPU.Build.0 = Debug|Any CPU
		{A4C89378-1CDE-4BCC-A824-107D00A33F8B}.Release|Any CPU.ActiveCfg = Release|Any CPU
		{A4C89378-1CDE-4BCC-A824-107D00A33F8B}.Release|Any CPU.Build.0 = Release|Any CPU
		{FBC64083-C9A2-4CF7-A938-FDAAD4241DB6}.Debug|Any CPU.ActiveCfg = Debug|Any CPU
		{FBC64083-C9A2-4CF7-A938-FDAAD4241DB6}.Debug|Any CPU.Build.0 = Debug|Any CPU
		{FBC64083-C9A2-4CF7-A938-FDAAD4241DB6}.Release|Any CPU.ActiveCfg = Release|Any CPU
		{FBC64083-C9A2-4CF7-A938-FDAAD4241DB6}.Release|Any CPU.Build.0 = Release|Any CPU
	EndGlobalSection
	GlobalSection(SolutionProperties) = preSolution
		HideSolutionNode = FALSE
	EndGlobalSection
	GlobalSection(ExtensibilityGlobals) = postSolution
		SolutionGuid = {CBEE08F2-45BD-4165-9D9D-8346F60CE567}
	EndGlobalSection
EndGlobal
